
Microsoft Visual Studio Solution File, Format Version 12.00
# Visual Studio Version 17
VisualStudioVersion = 17.7.34024.191
MinimumVisualStudioVersion = 10.0.40219.1
Project("{FAE04EC0-301F-11D3-BF4B-00C04F79EFBC}") = "Superhelte", "Superhelte\Superhelte.csproj", "{022610A7-DA51-4430-ABCF-0730AB03D34A}"
EndProject
Global
	GlobalSection(SolutionConfigurationPlatforms) = preSolution
		Debug|Any CPU = Debug|Any CPU
		Release|Any CPU = Release|Any CPU
	EndGlobalSection
	GlobalSection(ProjectConfigurationPlatforms) = postSolution
		{022610A7-DA51-4430-ABCF-0730AB03D34A}.Debug|Any CPU.ActiveCfg = Debug|Any CPU
		{022610A7-DA51-4430-ABCF-0730AB03D34A}.Debug|Any CPU.Build.0 = Debug|Any CPU
		{022610A7-DA51-4430-ABCF-0730AB03D34A}.Release|Any CPU.ActiveCfg = Release|Any CPU
		{022610A7-DA51-4430-ABCF-0730AB03D34A}.Release|Any CPU.Build.0 = Release|Any CPU
	EndGlobalSection
	GlobalSection(SolutionProperties) = preSolution
		HideSolutionNode = FALSE
	EndGlobalSection
	GlobalSection(ExtensibilityGlobals) = postSolution
		SolutionGuid = {86074BA3-C2FF-40B3-9C4D-18C0F6EEE2BD}
	EndGlobalSection
EndGlobal
